
Microsoft Visual Studio Solution File, Format Version 12.00
# Visual Studio Version 17
VisualStudioVersion = 17.10.35013.160
MinimumVisualStudioVersion = 10.0.40219.1
Project("{FAE04EC0-301F-11D3-BF4B-00C04F79EFBC}") = "RegistrationSystem", "RegistrationSystem\RegistrationSystem.csproj", "{476E01DB-42FE-470B-B28F-3E1B640EBD31}"
EndProject
Global
	GlobalSection(SolutionConfigurationPlatforms) = preSolution
		Debug|Any CPU = Debug|Any CPU
		Release|Any CPU = Release|Any CPU
	EndGlobalSection
	GlobalSection(ProjectConfigurationPlatforms) = postSolution
		{476E01DB-42FE-470B-B28F-3E1B640EBD31}.Debug|Any CPU.ActiveCfg = Debug|Any CPU
		{476E01DB-42FE-470B-B28F-3E1B640EBD31}.Debug|Any CPU.Build.0 = Debug|Any CPU
		{476E01DB-42FE-470B-B28F-3E1B640EBD31}.Release|Any CPU.ActiveCfg = Release|Any CPU
		{476E01DB-42FE-470B-B28F-3E1B640EBD31}.Release|Any CPU.Build.0 = Release|Any CPU
	EndGlobalSection
	GlobalSection(SolutionProperties) = preSolution
		HideSolutionNode = FALSE
	EndGlobalSection
	GlobalSection(ExtensibilityGlobals) = postSolution
		SolutionGuid = {236BFC20-69A0-4B3F-9480-44932D7A8899}
	EndGlobalSection
EndGlobal
